
Microsoft Visual Studio Solution File, Format Version 12.00
# Visual Studio 15
VisualStudioVersion = 15.0.27004.2010
MinimumVisualStudioVersion = 10.0.40219.1
Project("{FAE04EC0-301F-11D3-BF4B-00C04F79EFBC}") = "jasonExercise", "jasonExercise\jasonExercise.csproj", "{A037DE74-E7C6-439A-A52B-A47518A3752D}"
EndProject
Global
	GlobalSection(SolutionConfigurationPlatforms) = preSolution
		Debug|Any CPU = Debug|Any CPU
		Release|Any CPU = Release|Any CPU
	EndGlobalSection
	GlobalSection(ProjectConfigurationPlatforms) = postSolution
		{A037DE74-E7C6-439A-A52B-A47518A3752D}.Debug|Any CPU.ActiveCfg = Debug|Any CPU
		{A037DE74-E7C6-439A-A52B-A47518A3752D}.Debug|Any CPU.Build.0 = Debug|Any CPU
		{A037DE74-E7C6-439A-A52B-A47518A3752D}.Release|Any CPU.ActiveCfg = Release|Any CPU
		{A037DE74-E7C6-439A-A52B-A47518A3752D}.Release|Any CPU.Build.0 = Release|Any CPU
	EndGlobalSection
	GlobalSection(SolutionProperties) = preSolution
		HideSolutionNode = FALSE
	EndGlobalSection
	GlobalSection(ExtensibilityGlobals) = postSolution
		SolutionGuid = {36FE75F9-6470-4019-9BA4-C3523038DFA5}
	EndGlobalSection
EndGlobal
